
Microsoft Visual Studio Solution File, Format Version 12.00
# Visual Studio Version 17
VisualStudioVersion = 17.8.34330.188
MinimumVisualStudioVersion = 10.0.40219.1
Project("{9A19103F-16F7-4668-BE54-9A1E7A4F7556}") = "Anubis.LC.LaserControlPlugin", "Anubis.LC.LaserControlPlugin\Anubis.LC.LaserControlPlugin.csproj", "{1C6890DE-F14B-4F39-A97F-C4B364F8DBC9}"
EndProject
Global
	GlobalSection(SolutionConfigurationPlatforms) = preSolution
		Debug|Any CPU = Debug|Any CPU
		Release|Any CPU = Release|Any CPU
	EndGlobalSection
	GlobalSection(ProjectConfigurationPlatforms) = postSolution
		{1C6890DE-F14B-4F39-A97F-C4B364F8DBC9}.Debug|Any CPU.ActiveCfg = Debug|Any CPU
		{1C6890DE-F14B-4F39-A97F-C4B364F8DBC9}.Debug|Any CPU.Build.0 = Debug|Any CPU
		{1C6890DE-F14B-4F39-A97F-C4B364F8DBC9}.Release|Any CPU.ActiveCfg = Release|Any CPU
		{1C6890DE-F14B-4F39-A97F-C4B364F8DBC9}.Release|Any CPU.Build.0 = Release|Any CPU
	EndGlobalSection
	GlobalSection(SolutionProperties) = preSolution
		HideSolutionNode = FALSE
	EndGlobalSection
	GlobalSection(ExtensibilityGlobals) = postSolution
		SolutionGuid = {0A9EB7A7-8130-422B-A96F-4D8AC1899800}
	EndGlobalSection
EndGlobal
